// !$*UTF8*$!
{
	archiveVersion = 1;
	classes = {
	};
	objectVersion = 56;
	objects = {

/* Begin PBXBuildFile section */
		A2508ECB2B8D8F93003645AF /* DevApp.swift in Sources */ = {isa = PBXBuildFile; fileRef = A2508ECA2B8D8F93003645AF /* DevApp.swift */; };
		A2508ECD2B8D8F93003645AF /* Persistence.swift in Sources */ = {isa = PBXBuildFile; fileRef = A2508ECC2B8D8F93003645AF /* Persistence.swift */; };
		A2508ED02B8D8F93003645AF /* Dev.xcdatamodeld in Sources */ = {isa = PBXBuildFile; fileRef = A2508ECE2B8D8F93003645AF /* Dev.xcdatamodeld */; };
		A2508ED22B8D8F93003645AF /* ContentView.swift in Sources */ = {isa = PBXBuildFile; fileRef = A2508ED12B8D8F93003645AF /* ContentView.swift */; };
		A2508ED42B8D8F97003645AF /* Assets.xcassets in Resources */ = {isa = PBXBuildFile; fileRef = A2508ED32B8D8F97003645AF /* Assets.xcassets */; };
		A2508ED82B8D8F97003645AF /* Preview Assets.xcassets in Resources */ = {isa = PBXBuildFile; fileRef = A2508ED72B8D8F97003645AF /* Preview Assets.xcassets */; };
		A2508EE22B8D8F97003645AF /* DevTests.swift in Sources */ = {isa = PBXBuildFile; fileRef = A2508EE12B8D8F97003645AF /* DevTests.swift */; };
		A2508EEC2B8D8F97003645AF /* DevUITests.swift in Sources */ = {isa = PBXBuildFile; fileRef = A2508EEB2B8D8F97003645AF /* DevUITests.swift */; };
		A2508EEE2B8D8F97003645AF /* DevUITestsLaunchTests.swift in Sources */ = {isa = PBXBuildFile; fileRef = A2508EED2B8D8F97003645AF /* DevUITestsLaunchTests.swift */; };
/* End PBXBuildFile section */

/* Begin PBXContainerItemProxy section */
		A2508EDE2B8D8F97003645AF /* PBXContainerItemProxy */ = {
			isa = PBXContainerItemProxy;
			containerPortal = A2508EBF2B8D8F93003645AF /* Project object */;
			proxyType = 1;
			remoteGlobalIDString = A2508EC62B8D8F93003645AF;
			remoteInfo = Dev;
		};
		A2508EE82B8D8F97003645AF /* PBXContainerItemProxy */ = {
			isa = PBXContainerItemProxy;
			containerPortal = A2508EBF2B8D8F93003645AF /* Project object */;
			proxyType = 1;
			remoteGlobalIDString = A2508EC62B8D8F93003645AF;
			remoteInfo = Dev;
		};
/* End PBXContainerItemProxy section */

/* Begin PBXFileReference section */
		A2508EC72B8D8F93003645AF /* Dev.app */ = {isa = PBXFileReference; explicitFileType = wrapper.application; includeInIndex = 0; path = Dev.app; sourceTree = BUILT_PRODUCTS_DIR; };
		A2508ECA2B8D8F93003645AF /* DevApp.swift */ = {isa = PBXFileReference; lastKnownFileType = sourcecode.swift; path = DevApp.swift; sourceTree = "<group>"; };
		A2508ECC2B8D8F93003645AF /* Persistence.swift */ = {isa = PBXFileReference; lastKnownFileType = sourcecode.swift; path = Persistence.swift; sourceTree = "<group>"; };
		A2508ECF2B8D8F93003645AF /* Dev.xcdatamodel */ = {isa = PBXFileReference; lastKnownFileType = wrapper.xcdatamodel; path = Dev.xcdatamodel; sourceTree = "<group>"; };
		A2508ED12B8D8F93003645AF /* ContentView.swift */ = {isa = PBXFileReference; lastKnownFileType = sourcecode.swift; path = ContentView.swift; sourceTree = "<group>"; };
		A2508ED32B8D8F97003645AF /* Assets.xcassets */ = {isa = PBXFileReference; lastKnownFileType = folder.assetcatalog; path = Assets.xcassets; sourceTree = "<group>"; };
		A2508ED52B8D8F97003645AF /* Dev.entitlements */ = {isa = PBXFileReference; lastKnownFileType = text.plist.entitlements; path = Dev.entitlements; sourceTree = "<group>"; };
		A2508ED72B8D8F97003645AF /* Preview Assets.xcassets */ = {isa = PBXFileReference; lastKnownFileType = folder.assetcatalog; path = "Preview Assets.xcassets"; sourceTree = "<group>"; };
		A2508EDD2B8D8F97003645AF /* DevTests.xctest */ = {isa = PBXFileReference; explicitFileType = wrapper.cfbundle; includeInIndex = 0; path = DevTests.xctest; sourceTree = BUILT_PRODUCTS_DIR; };
		A2508EE12B8D8F97003645AF /* DevTests.swift */ = {isa = PBXFileReference; lastKnownFileType = sourcecode.swift; path = DevTests.swift; sourceTree = "<group>"; };
		A2508EE72B8D8F97003645AF /* DevUITests.xctest */ = {isa = PBXFileReference; explicitFileType = wrapper.cfbundle; includeInIndex = 0; path = DevUITests.xctest; sourceTree = BUILT_PRODUCTS_DIR; };
		A2508EEB2B8D8F97003645AF /* DevUITests.swift */ = {isa = PBXFileReference; lastKnownFileType = sourcecode.swift; path = DevUITests.swift; sourceTree = "<group>"; };
		A2508EED2B8D8F97003645AF /* DevUITestsLaunchTests.swift */ = {isa = PBXFileReference; lastKnownFileType = sourcecode.swift; path = DevUITestsLaunchTests.swift; sourceTree = "<group>"; };
/* End PBXFileReference section */

/* Begin PBXFrameworksBuildPhase section */
		A2508EC42B8D8F93003645AF /* Frameworks */ = {
			isa = PBXFrameworksBuildPhase;
			buildActionMask = 2147483647;
			files = (
			);
			runOnlyForDeploymentPostprocessing = 0;
		};
		A2508EDA2B8D8F97003645AF /* Frameworks */ = {
			isa = PBXFrameworksBuildPhase;
			buildActionMask = 2147483647;
			files = (
			);
			runOnlyForDeploymentPostprocessing = 0;
		};
		A2508EE42B8D8F97003645AF /* Frameworks */ = {
			isa = PBXFrameworksBuildPhase;
			buildActionMask = 2147483647;
			files = (
			);
			runOnlyForDeploymentPostprocessing = 0;
		};
/* End PBXFrameworksBuildPhase section */

/* Begin PBXGroup section */
		A2508EBE2B8D8F93003645AF = {
			isa = PBXGroup;
			children = (
				A2508EC92B8D8F93003645AF /* Dev */,
				A2508EE02B8D8F97003645AF /* DevTests */,
				A2508EEA2B8D8F97003645AF /* DevUITests */,
				A2508EC82B8D8F93003645AF /* Products */,
			);
			sourceTree = "<group>";
		};
		A2508EC82B8D8F93003645AF /* Products */ = {
			isa = PBXGroup;
			children = (
				A2508EC72B8D8F93003645AF /* Dev.app */,
				A2508EDD2B8D8F97003645AF /* DevTests.xctest */,
				A2508EE72B8D8F97003645AF /* DevUITests.xctest */,
			);
			name = Products;
			sourceTree = "<group>";
		};
		A2508EC92B8D8F93003645AF /* Dev */ = {
			isa = PBXGroup;
			children = (
				A2508ECA2B8D8F93003645AF /* DevApp.swift */,
				A2508ECC2B8D8F93003645AF /* Persistence.swift */,
				A2508ED12B8D8F93003645AF /* ContentView.swift */,
				A2508ED32B8D8F97003645AF /* Assets.xcassets */,
				A2508ED52B8D8F97003645AF /* Dev.entitlements */,
				A2508ECE2B8D8F93003645AF /* Dev.xcdatamodeld */,
				A2508ED62B8D8F97003645AF /* Preview Content */,
			);
			path = Dev;
			sourceTree = "<group>";
		};
		A2508ED62B8D8F97003645AF /* Preview Content */ = {
			isa = PBXGroup;
			children = (
				A2508ED72B8D8F97003645AF /* Preview Assets.xcassets */,
			);
			path = "Preview Content";
			sourceTree = "<group>";
		};
		A2508EE02B8D8F97003645AF /* DevTests */ = {
			isa = PBXGroup;
			children = (
				A2508EE12B8D8F97003645AF /* DevTests.swift */,
			);
			path = DevTests;
			sourceTree = "<group>";
		};
		A2508EEA2B8D8F97003645AF /* DevUITests */ = {
			isa = PBXGroup;
			children = (
				A2508EEB2B8D8F97003645AF /* DevUITests.swift */,
				A2508EED2B8D8F97003645AF /* DevUITestsLaunchTests.swift */,
			);
			path = DevUITests;
			sourceTree = "<group>";
		};
/* End PBXGroup section */

/* Begin PBXNativeTarget section */
		A2508EC62B8D8F93003645AF /* Dev */ = {
			isa = PBXNativeTarget;
			buildConfigurationList = A2508EF12B8D8F97003645AF /* Build configuration list for PBXNativeTarget "Dev" */;
			buildPhases = (
				A2508EC32B8D8F93003645AF /* Sources */,
				A2508EC42B8D8F93003645AF /* Frameworks */,
				A2508EC52B8D8F93003645AF /* Resources */,
			);
			buildRules = (
			);
			dependencies = (
			);
			name = Dev;
			productName = Dev;
			productReference = A2508EC72B8D8F93003645AF /* Dev.app */;
			productType = "com.apple.product-type.application";
		};
		A2508EDC2B8D8F97003645AF /* DevTests */ = {
			isa = PBXNativeTarget;
			buildConfigurationList = A2508EF42B8D8F97003645AF /* Build configuration list for PBXNativeTarget "DevTests" */;
			buildPhases = (
				A2508ED92B8D8F97003645AF /* Sources */,
				A2508EDA2B8D8F97003645AF /* Frameworks */,
				A2508EDB2B8D8F97003645AF /* Resources */,
			);
			buildRules = (
			);
			dependencies = (
				A2508EDF2B8D8F97003645AF /* PBXTargetDependency */,
			);
			name = DevTests;
			productName = DevTests;
			productReference = A2508EDD2B8D8F97003645AF /* DevTests.xctest */;
			productType = "com.apple.product-type.bundle.unit-test";
		};
		A2508EE62B8D8F97003645AF /* DevUITests */ = {
			isa = PBXNativeTarget;
			buildConfigurationList = A2508EF72B8D8F97003645AF /* Build configuration list for PBXNativeTarget "DevUITests" */;
			buildPhases = (
				A2508EE32B8D8F97003645AF /* Sources */,
				A2508EE42B8D8F97003645AF /* Frameworks */,
				A2508EE52B8D8F97003645AF /* Resources */,
			);
			buildRules = (
			);
			dependencies = (
				A2508EE92B8D8F97003645AF /* PBXTargetDependency */,
			);
			name = DevUITests;
			productName = DevUITests;
			productReference = A2508EE72B8D8F97003645AF /* DevUITests.xctest */;
			productType = "com.apple.product-type.bundle.ui-testing";
		};
/* End PBXNativeTarget section */

/* Begin PBXProject section */
		A2508EBF2B8D8F93003645AF /* Project object */ = {
			isa = PBXProject;
			attributes = {
				BuildIndependentTargetsInParallel = 1;
				LastSwiftUpdateCheck = 1520;
				LastUpgradeCheck = 1520;
				TargetAttributes = {
					A2508EC62B8D8F93003645AF = {
						CreatedOnToolsVersion = 15.2;
					};
					A2508EDC2B8D8F97003645AF = {
						CreatedOnToolsVersion = 15.2;
						TestTargetID = A2508EC62B8D8F93003645AF;
					};
					A2508EE62B8D8F97003645AF = {
						CreatedOnToolsVersion = 15.2;
						TestTargetID = A2508EC62B8D8F93003645AF;
					};
				};
			};
			buildConfigurationList = A2508EC22B8D8F93003645AF /* Build configuration list for PBXProject "Dev" */;
			compatibilityVersion = "Xcode 14.0";
			developmentRegion = en;
			hasScannedForEncodings = 0;
			knownRegions = (
				en,
				Base,
			);
			mainGroup = A2508EBE2B8D8F93003645AF;
			productRefGroup = A2508EC82B8D8F93003645AF /* Products */;
			projectDirPath = "";
			projectRoot = "";
			targets = (
				A2508EC62B8D8F93003645AF /* Dev */,
				A2508EDC2B8D8F97003645AF /* DevTests */,
				A2508EE62B8D8F97003645AF /* DevUITests */,
			);
		};
/* End PBXProject section */

/* Begin PBXResourcesBuildPhase section */
		A2508EC52B8D8F93003645AF /* Resources */ = {
			isa = PBXResourcesBuildPhase;
			buildActionMask = 2147483647;
			files = (
				A2508ED82B8D8F97003645AF /* Preview Assets.xcassets in Resources */,
				A2508ED42B8D8F97003645AF /* Assets.xcassets in Resources */,
			);
			runOnlyForDeploymentPostprocessing = 0;
		};
		A2508EDB2B8D8F97003645AF /* Resources */ = {
			isa = PBXResourcesBuildPhase;
			buildActionMask = 2147483647;
			files = (
			);
			runOnlyForDeploymentPostprocessing = 0;
		};
		A2508EE52B8D8F97003645AF /* Resources */ = {
			isa = PBXResourcesBuildPhase;
			buildActionMask = 2147483647;
			files = (
			);
			runOnlyForDeploymentPostprocessing = 0;
		};
/* End PBXResourcesBuildPhase section */

/* Begin PBXSourcesBuildPhase section */
		A2508EC32B8D8F93003645AF /* Sources */ = {
			isa = PBXSourcesBuildPhase;
			buildActionMask = 2147483647;
			files = (
				A2508ED02B8D8F93003645AF /* Dev.xcdatamodeld in Sources */,
				A2508ECB2B8D8F93003645AF /* DevApp.swift in Sources */,
				A2508ED22B8D8F93003645AF /* ContentView.swift in Sources */,
				A2508ECD2B8D8F93003645AF /* Persistence.swift in Sources */,
			);
			runOnlyForDeploymentPostprocessing = 0;
		};
		A2508ED92B8D8F97003645AF /* Sources */ = {
			isa = PBXSourcesBuildPhase;
			buildActionMask = 2147483647;
			files = (
				A2508EE22B8D8F97003645AF /* DevTests.swift in Sources */,
			);
			runOnlyForDeploymentPostprocessing = 0;
		};
		A2508EE32B8D8F97003645AF /* Sources */ = {
			isa = PBXSourcesBuildPhase;
			buildActionMask = 2147483647;
			files = (
				A2508EEE2B8D8F97003645AF /* DevUITestsLaunchTests.swift in Sources */,
				A2508EEC2B8D8F97003645AF /* DevUITests.swift in Sources */,
			);
			runOnlyForDeploymentPostprocessing = 0;
		};
/* End PBXSourcesBuildPhase section */

/* Begin PBXTargetDependency section */
		A2508EDF2B8D8F97003645AF /* PBXTargetDependency */ = {
			isa = PBXTargetDependency;
			target = A2508EC62B8D8F93003645AF /* Dev */;
			targetProxy = A2508EDE2B8D8F97003645AF /* PBXContainerItemProxy */;
		};
		A2508EE92B8D8F97003645AF /* PBXTargetDependency */ = {
			isa = PBXTargetDependency;
			target = A2508EC62B8D8F93003645AF /* Dev */;
			targetProxy = A2508EE82B8D8F97003645AF /* PBXContainerItemProxy */;
		};
/* End PBXTargetDependency section */

/* Begin XCBuildConfiguration section */
		A2508EEF2B8D8F97003645AF /* Debug */ = {
			isa = XCBuildConfiguration;
			buildSettings = {
				ALWAYS_SEARCH_USER_PATHS = NO;
				ASSETCATALOG_COMPILER_GENERATE_SWIFT_ASSET_SYMBOL_EXTENSIONS = YES;
				CLANG_ANALYZER_NONNULL = YES;
				CLANG_ANALYZER_NUMBER_OBJECT_CONVERSION = YES_AGGRESSIVE;
				CLANG_CXX_LANGUAGE_STANDARD = "gnu++20";
				CLANG_ENABLE_MODULES = YES;
				CLANG_ENABLE_OBJC_ARC = YES;
				CLANG_ENABLE_OBJC_WEAK = YES;
				CLANG_WARN_BLOCK_CAPTURE_AUTORELEASING = YES;
				CLANG_WARN_BOOL_CONVERSION = YES;
				CLANG_WARN_COMMA = YES;
				CLANG_WARN_CONSTANT_CONVERSION = YES;
				CLANG_WARN_DEPRECATED_OBJC_IMPLEMENTATIONS = YES;
				CLANG_WARN_DIRECT_OBJC_ISA_USAGE = YES_ERROR;
				CLANG_WARN_DOCUMENTATION_COMMENTS = YES;
				CLANG_WARN_EMPTY_BODY = YES;
				CLANG_WARN_ENUM_CONVERSION = YES;
				CLANG_WARN_INFINITE_RECURSION = YES;
				CLANG_WARN_INT_CONVERSION = YES;
				CLANG_WARN_NON_LITERAL_NULL_CONVERSION = YES;
				CLANG_WARN_OBJC_IMPLICIT_RETAIN_SELF = YES;
				CLANG_WARN_OBJC_LITERAL_CONVERSION = YES;
				CLANG_WARN_OBJC_ROOT_CLASS = YES_ERROR;
				CLANG_WARN_QUOTED_INCLUDE_IN_FRAMEWORK_HEADER = YES;
				CLANG_WARN_RANGE_LOOP_ANALYSIS = YES;
				CLANG_WARN_STRICT_PROTOTYPES = YES;
				CLANG_WARN_SUSPICIOUS_MOVE = YES;
				CLANG_WARN_UNGUARDED_AVAILABILITY = YES_AGGRESSIVE;
				CLANG_WARN_UNREACHABLE_CODE = YES;
				CLANG_WARN__DUPLICATE_METHOD_MATCH = YES;
				COPY_PHASE_STRIP = NO;
				DEBUG_INFORMATION_FORMAT = dwarf;
				ENABLE_STRICT_OBJC_MSGSEND = YES;
				ENABLE_TESTABILITY = YES;
				ENABLE_USER_SCRIPT_SANDBOXING = YES;
				GCC_C_LANGUAGE_STANDARD = gnu17;
				GCC_DYNAMIC_NO_PIC = NO;
				GCC_NO_COMMON_BLOCKS = YES;
				GCC_OPTIMIZATION_LEVEL = 0;
				GCC_PREPROCESSOR_DEFINITIONS = (
					"DEBUG=1",
					"$(inherited)",
				);
				GCC_WARN_64_TO_32_BIT_CONVERSION = YES;
				GCC_WARN_ABOUT_RETURN_TYPE = YES_ERROR;
				GCC_WARN_UNDECLARED_SELECTOR = YES;
				GCC_WARN_UNINITIALIZED_AUTOS = YES_AGGRESSIVE;
				GCC_WARN_UNUSED_FUNCTION = YES;
				GCC_WARN_UNUSED_VARIABLE = YES;
				LOCALIZATION_PREFERS_STRING_CATALOGS = YES;
				MTL_ENABLE_DEBUG_INFO = INCLUDE_SOURCE;
				MTL_FAST_MATH = YES;
				ONLY_ACTIVE_ARCH = YES;
				SWIFT_ACTIVE_COMPILATION_CONDITIONS = "DEBUG $(inherited)";
				SWIFT_OPTIMIZATION_LEVEL = "-Onone";
			};
			name = Debug;
		};
		A2508EF02B8D8F97003645AF /* Release */ = {
			isa = XCBuildConfiguration;
			buildSettings = {
				ALWAYS_SEARCH_USER_PATHS = NO;
				ASSETCATALOG_COMPILER_GENERATE_SWIFT_ASSET_SYMBOL_EXTENSIONS = YES;
				CLANG_ANALYZER_NONNULL = YES;
				CLANG_ANALYZER_NUMBER_OBJECT_CONVERSION = YES_AGGRESSIVE;
				CLANG_CXX_LANGUAGE_STANDARD = "gnu++20";
				CLANG_ENABLE_MODULES = YES;
				CLANG_ENABLE_OBJC_ARC = YES;
				CLANG_ENABLE_OBJC_WEAK = YES;
				CLANG_WARN_BLOCK_CAPTURE_AUTORELEASING = YES;
				CLANG_WARN_BOOL_CONVERSION = YES;
				CLANG_WARN_COMMA = YES;
				CLANG_WARN_CONSTANT_CONVERSION = YES;
				CLANG_WARN_DEPRECATED_OBJC_IMPLEMENTATIONS = YES;
				CLANG_WARN_DIRECT_OBJC_ISA_USAGE = YES_ERROR;
				CLANG_WARN_DOCUMENTATION_COMMENTS = YES;
				CLANG_WARN_EMPTY_BODY = YES;
				CLANG_WARN_ENUM_CONVERSION = YES;
				CLANG_WARN_INFINITE_RECURSION = YES;
				CLANG_WARN_INT_CONVERSION = YES;
				CLANG_WARN_NON_LITERAL_NULL_CONVERSION = YES;
				CLANG_WARN_OBJC_IMPLICIT_RETAIN_SELF = YES;
				CLANG_WARN_OBJC_LITERAL_CONVERSION = YES;
				CLANG_WARN_OBJC_ROOT_CLASS = YES_ERROR;
				CLANG_WARN_QUOTED_INCLUDE_IN_FRAMEWORK_HEADER = YES;
				CLANG_WARN_RANGE_LOOP_ANALYSIS = YES;
				CLANG_WARN_STRICT_PROTOTYPES = YES;
				CLANG_WARN_SUSPICIOUS_MOVE = YES;
				CLANG_WARN_UNGUARDED_AVAILABILITY = YES_AGGRESSIVE;
				CLANG_WARN_UNREACHABLE_CODE = YES;
				CLANG_WARN__DUPLICATE_METHOD_MATCH = YES;
				COPY_PHASE_STRIP = NO;
				DEBUG_INFORMATION_FORMAT = "dwarf-with-dsym";
				ENABLE_NS_ASSERTIONS = NO;
				ENABLE_STRICT_OBJC_MSGSEND = YES;
				ENABLE_USER_SCRIPT_SANDBOXING = YES;
				GCC_C_LANGUAGE_STANDARD = gnu17;
				GCC_NO_COMMON_BLOCKS = YES;
				GCC_WARN_64_TO_32_BIT_CONVERSION = YES;
				GCC_WARN_ABOUT_RETURN_TYPE = YES_ERROR;
				GCC_WARN_UNDECLARED_SELECTOR = YES;
				GCC_WARN_UNINITIALIZED_AUTOS = YES_AGGRESSIVE;
				GCC_WARN_UNUSED_FUNCTION = YES;
				GCC_WARN_UNUSED_VARIABLE = YES;
				LOCALIZATION_PREFERS_STRING_CATALOGS = YES;
				MTL_ENABLE_DEBUG_INFO = NO;
				MTL_FAST_MATH = YES;
				SWIFT_COMPILATION_MODE = wholemodule;
			};
			name = Release;
		};
		A2508EF22B8D8F97003645AF /* Debug */ = {
			isa = XCBuildConfiguration;
			buildSettings = {
				ASSETCATALOG_COMPILER_APPICON_NAME = AppIcon;
				ASSETCATALOG_COMPILER_GLOBAL_ACCENT_COLOR_NAME = AccentColor;
				CODE_SIGN_ENTITLEMENTS = Dev/Dev.entitlements;
				CODE_SIGN_STYLE = Automatic;
				CURRENT_PROJECT_VERSION = 1;
				DEVELOPMENT_ASSET_PATHS = "\"Dev/Preview Content\"";
				ENABLE_PREVIEWS = YES;
				GENERATE_INFOPLIST_FILE = YES;
				"INFOPLIST_KEY_UIApplicationSceneManifest_Generation[sdk=iphoneos*]" = YES;
				"INFOPLIST_KEY_UIApplicationSceneManifest_Generation[sdk=iphonesimulator*]" = YES;
				"INFOPLIST_KEY_UIApplicationSupportsIndirectInputEvents[sdk=iphoneos*]" = YES;
				"INFOPLIST_KEY_UIApplicationSupportsIndirectInputEvents[sdk=iphonesimulator*]" = YES;
				"INFOPLIST_KEY_UILaunchScreen_Generation[sdk=iphoneos*]" = YES;
				"INFOPLIST_KEY_UILaunchScreen_Generation[sdk=iphonesimulator*]" = YES;
				"INFOPLIST_KEY_UIStatusBarStyle[sdk=iphoneos*]" = UIStatusBarStyleDefault;
				"INFOPLIST_KEY_UIStatusBarStyle[sdk=iphonesimulator*]" = UIStatusBarStyleDefault;
				INFOPLIST_KEY_UISupportedInterfaceOrientations_iPad = "UIInterfaceOrientationPortrait UIInterfaceOrientationPortraitUpsideDown UIInterfaceOrientationLandscapeLeft UIInterfaceOrientationLandscapeRight";
				INFOPLIST_KEY_UISupportedInterfaceOrientations_iPhone = "UIInterfaceOrientationPortrait UIInterfaceOrientationLandscapeLeft UIInterfaceOrientationLandscapeRight";
				IPHONEOS_DEPLOYMENT_TARGET = 17.2;
				LD_RUNPATH_SEARCH_PATHS = "@executable_path/Frameworks";
				"LD_RUNPATH_SEARCH_PATHS[sdk=macosx*]" = "@executable_path/../Frameworks";
				MACOSX_DEPLOYMENT_TARGET = 14.2;
				MARKETING_VERSION = 1.0;
				PRODUCT_BUNDLE_IDENTIFIER = Cathay.Dev;
				PRODUCT_NAME = "$(TARGET_NAME)";
				SDKROOT = auto;
				SUPPORTED_PLATFORMS = "iphoneos iphonesimulator macosx";
				SWIFT_EMIT_LOC_STRINGS = YES;
				SWIFT_VERSION = 5.0;
				TARGETED_DEVICE_FAMILY = "1,2";
			};
			name = Debug;
		};
		A2508EF32B8D8F97003645AF /* Release */ = {
			isa = XCBuildConfiguration;
			buildSettings = {
				ASSETCATALOG_COMPILER_APPICON_NAME = AppIcon;
				ASSETCATALOG_COMPILER_GLOBAL_ACCENT_COLOR_NAME = AccentColor;
				CODE_SIGN_ENTITLEMENTS = Dev/Dev.entitlements;
				CODE_SIGN_STYLE = Automatic;
				CURRENT_PROJECT_VERSION = 1;
				DEVELOPMENT_ASSET_PATHS = "\"Dev/Preview Content\"";
				ENABLE_PREVIEWS = YES;
				GENERATE_INFOPLIST_FILE = YES;
				"INFOPLIST_KEY_UIApplicationSceneManifest_Generation[sdk=iphoneos*]" = YES;
				"INFOPLIST_KEY_UIApplicationSceneManifest_Generation[sdk=iphonesimulator*]" = YES;
				"INFOPLIST_KEY_UIApplicationSupportsIndirectInputEvents[sdk=iphoneos*]" = YES;
				"INFOPLIST_KEY_UIApplicationSupportsIndirectInputEvents[sdk=iphonesimulator*]" = YES;
				"INFOPLIST_KEY_UILaunchScreen_Generation[sdk=iphoneos*]" = YES;
				"INFOPLIST_KEY_UILaunchScreen_Generation[sdk=iphonesimulator*]" = YES;
				"INFOPLIST_KEY_UIStatusBarStyle[sdk=iphoneos*]" = UIStatusBarStyleDefault;
				"INFOPLIST_KEY_UIStatusBarStyle[sdk=iphonesimulator*]" = UIStatusBarStyleDefault;
				INFOPLIST_KEY_UISupportedInterfaceOrientations_iPad = "UIInterfaceOrientationPortrait UIInterfaceOrientationPortraitUpsideDown UIInterfaceOrientationLandscapeLeft UIInterfaceOrientationLandscapeRight";
				INFOPLIST_KEY_UISupportedInterfaceOrientations_iPhone = "UIInterfaceOrientationPortrait UIInterfaceOrientationLandscapeLeft UIInterfaceOrientationLandscapeRight";
				IPHONEOS_DEPLOYMENT_TARGET = 17.2;
				LD_RUNPATH_SEARCH_PATHS = "@executable_path/Frameworks";
				"LD_RUNPATH_SEARCH_PATHS[sdk=macosx*]" = "@executable_path/../Frameworks";
				MACOSX_DEPLOYMENT_TARGET = 14.2;
				MARKETING_VERSION = 1.0;
				PRODUCT_BUNDLE_IDENTIFIER = Cathay.Dev;
				PRODUCT_NAME = "$(TARGET_NAME)";
				SDKROOT = auto;
				SUPPORTED_PLATFORMS = "iphoneos iphonesimulator macosx";
				SWIFT_EMIT_LOC_STRINGS = YES;
				SWIFT_VERSION = 5.0;
				TARGETED_DEVICE_FAMILY = "1,2";
			};
			name = Release;
		};
		A2508EF52B8D8F97003645AF /* Debug */ = {
			isa = XCBuildConfiguration;
			buildSettings = {
				ALWAYS_EMBED_SWIFT_STANDARD_LIBRARIES = YES;
				BUNDLE_LOADER = "$(TEST_HOST)";
				CODE_SIGN_STYLE = Automatic;
				CURRENT_PROJECT_VERSION = 1;
				GENERATE_INFOPLIST_FILE = YES;
				IPHONEOS_DEPLOYMENT_TARGET = 17.2;
				MACOSX_DEPLOYMENT_TARGET = 14.2;
				MARKETING_VERSION = 1.0;
				PRODUCT_BUNDLE_IDENTIFIER = Cathay.DevTests;
				PRODUCT_NAME = "$(TARGET_NAME)";
				SDKROOT = auto;
				SUPPORTED_PLATFORMS = "iphoneos iphonesimulator macosx";
				SWIFT_EMIT_LOC_STRINGS = NO;
				SWIFT_VERSION = 5.0;
				TARGETED_DEVICE_FAMILY = "1,2";
				TEST_HOST = "$(BUILT_PRODUCTS_DIR)/Dev.app/$(BUNDLE_EXECUTABLE_FOLDER_PATH)/Dev";
			};
			name = Debug;
		};
		A2508EF62B8D8F97003645AF /* Release */ = {
			isa = XCBuildConfiguration;
			buildSettings = {
				ALWAYS_EMBED_SWIFT_STANDARD_LIBRARIES = YES;
				BUNDLE_LOADER = "$(TEST_HOST)";
				CODE_SIGN_STYLE = Automatic;
				CURRENT_PROJECT_VERSION = 1;
				GENERATE_INFOPLIST_FILE = YES;
				IPHONEOS_DEPLOYMENT_TARGET = 17.2;
				MACOSX_DEPLOYMENT_TARGET = 14.2;
				MARKETING_VERSION = 1.0;
				PRODUCT_BUNDLE_IDENTIFIER = Cathay.DevTests;
				PRODUCT_NAME = "$(TARGET_NAME)";
				SDKROOT = auto;
				SUPPORTED_PLATFORMS = "iphoneos iphonesimulator macosx";
				SWIFT_EMIT_LOC_STRINGS = NO;
				SWIFT_VERSION = 5.0;
				TARGETED_DEVICE_FAMILY = "1,2";
				TEST_HOST = "$(BUILT_PRODUCTS_DIR)/Dev.app/$(BUNDLE_EXECUTABLE_FOLDER_PATH)/Dev";
			};
			name = Release;
		};
		A2508EF82B8D8F97003645AF /* Debug */ = {
			isa = XCBuildConfiguration;
			buildSettings = {
				ALWAYS_EMBED_SWIFT_STANDARD_LIBRARIES = YES;
				CODE_SIGN_STYLE = Automatic;
				CURRENT_PROJECT_VERSION = 1;
				GENERATE_INFOPLIST_FILE = YES;
				IPHONEOS_DEPLOYMENT_TARGET = 17.2;
				MACOSX_DEPLOYMENT_TARGET = 14.2;
				MARKETING_VERSION = 1.0;
				PRODUCT_BUNDLE_IDENTIFIER = Cathay.DevUITests;
				PRODUCT_NAME = "$(TARGET_NAME)";
				SDKROOT = auto;
				SUPPORTED_PLATFORMS = "iphoneos iphonesimulator macosx";
				SWIFT_EMIT_LOC_STRINGS = NO;
				SWIFT_VERSION = 5.0;
				TARGETED_DEVICE_FAMILY = "1,2";
				TEST_TARGET_NAME = Dev;
			};
			name = Debug;
		};
		A2508EF92B8D8F97003645AF /* Release */ = {
			isa = XCBuildConfiguration;
			buildSettings = {
				ALWAYS_EMBED_SWIFT_STANDARD_LIBRARIES = YES;
				CODE_SIGN_STYLE = Automatic;
				CURRENT_PROJECT_VERSION = 1;
				GENERATE_INFOPLIST_FILE = YES;
				IPHONEOS_DEPLOYMENT_TARGET = 17.2;
				MACOSX_DEPLOYMENT_TARGET = 14.2;
				MARKETING_VERSION = 1.0;
				PRODUCT_BUNDLE_IDENTIFIER = Cathay.DevUITests;
				PRODUCT_NAME = "$(TARGET_NAME)";
				SDKROOT = auto;
				SUPPORTED_PLATFORMS = "iphoneos iphonesimulator macosx";
				SWIFT_EMIT_LOC_STRINGS = NO;
				SWIFT_VERSION = 5.0;
				TARGETED_DEVICE_FAMILY = "1,2";
				TEST_TARGET_NAME = Dev;
			};
			name = Release;
		};
/* End XCBuildConfiguration section */

/* Begin XCConfigurationList section */
		A2508EC22B8D8F93003645AF /* Build configuration list for PBXProject "Dev" */ = {
			isa = XCConfigurationList;
			buildConfigurations = (
				A2508EEF2B8D8F97003645AF /* Debug */,
				A2508EF02B8D8F97003645AF /* Release */,
			);
			defaultConfigurationIsVisible = 0;
			defaultConfigurationName = Release;
		};
		A2508EF12B8D8F97003645AF /* Build configuration list for PBXNativeTarget "Dev" */ = {
			isa = XCConfigurationList;
			buildConfigurations = (
				A2508EF22B8D8F97003645AF /* Debug */,
				A2508EF32B8D8F97003645AF /* Release */,
			);
			defaultConfigurationIsVisible = 0;
			defaultConfigurationName = Release;
		};
		A2508EF42B8D8F97003645AF /* Build configuration list for PBXNativeTarget "DevTests" */ = {
			isa = XCConfigurationList;
			buildConfigurations = (
				A2508EF52B8D8F97003645AF /* Debug */,
				A2508EF62B8D8F97003645AF /* Release */,
			);
			defaultConfigurationIsVisible = 0;
			defaultConfigurationName = Release;
		};
		A2508EF72B8D8F97003645AF /* Build configuration list for PBXNativeTarget "DevUITests" */ = {
			isa = XCConfigurationList;
			buildConfigurations = (
				A2508EF82B8D8F97003645AF /* Debug */,
				A2508EF92B8D8F97003645AF /* Release */,
			);
			defaultConfigurationIsVisible = 0;
			defaultConfigurationName = Release;
		};
/* End XCConfigurationList section */

/* Begin XCVersionGroup section */
		A2508ECE2B8D8F93003645AF /* Dev.xcdatamodeld */ = {
			isa = XCVersionGroup;
			children = (
				A2508ECF2B8D8F93003645AF /* Dev.xcdatamodel */,
			);
			currentVersion = A2508ECF2B8D8F93003645AF /* Dev.xcdatamodel */;
			path = Dev.xcdatamodeld;
			sourceTree = "<group>";
			versionGroupType = wrapper.xcdatamodel;
		};
/* End XCVersionGroup section */
	};
	rootObject = A2508EBF2B8D8F93003645AF /* Project object */;
}
